Microsoft Visual Studio Solution File, Format Version 12.00
# Visual Studio Version 17
VisualStudioVersion = 17.5.2.0
MinimumVisualStudioVersion = 10.0.40219.1
Project("{FAE04EC0-301F-11D3-BF4B-00C04F79EFBC}") = "MinimalRestAPI", "MinimalRestAPI.csproj", "{FDDAF776-E42F-BD81-02E4-1059392135BF}"
EndProject
Global
	GlobalSection(SolutionConfigurationPlatforms) = preSolution
		Debug|Any CPU = Debug|Any CPU
		Release|Any CPU = Release|Any CPU
	EndGlobalSection
	GlobalSection(ProjectConfigurationPlatforms) = postSolution
		{FDDAF776-E42F-BD81-02E4-1059392135BF}.Debug|Any CPU.ActiveCfg = Debug|Any CPU
		{FDDAF776-E42F-BD81-02E4-1059392135BF}.Debug|Any CPU.Build.0 = Debug|Any CPU
		{FDDAF776-E42F-BD81-02E4-1059392135BF}.Release|Any CPU.ActiveCfg = Release|Any CPU
		{FDDAF776-E42F-BD81-02E4-1059392135BF}.Release|Any CPU.Build.0 = Release|Any CPU
	EndGlobalSection
	GlobalSection(SolutionProperties) = preSolution
		HideSolutionNode = FALSE
	EndGlobalSection
	GlobalSection(ExtensibilityGlobals) = postSolution
		SolutionGuid = {6E408D10-0ADC-4992-BD9A-7E53D6F3CECD}
	EndGlobalSection
EndGlobal
